
Microsoft Visual Studio Solution File, Format Version 12.00
# Visual Studio Version 17
VisualStudioVersion = 17.4.33110.190
MinimumVisualStudioVersion = 10.0.40219.1
Project("{9A19103F-16F7-4668-BE54-9A1E7A4F7556}") = "GatewayApi", "GatewayApi\GatewayApi.csproj", "{1EE23B7C-9EAD-4D83-A6FB-9F9ABAFB0366}"
EndProject
Project("{2150E333-8FDC-42A3-9474-1A3956D46DE8}") = "UI", "UI", "{A478F488-3E81-4E61-A428-A452E7CAF663}"
EndProject
Project("{2150E333-8FDC-42A3-9474-1A3956D46DE8}") = "Microservices", "Microservices", "{62D898CA-0916-4928-9BFE-763B3E7DACAA}"
EndProject
Project("{2150E333-8FDC-42A3-9474-1A3956D46DE8}") = "CustomerService", "CustomerService", "{627BE58C-8953-4C39-AE09-34FF6A0E6F2F}"
EndProject
Project("{2150E333-8FDC-42A3-9474-1A3956D46DE8}") = "UserService", "UserService", "{1D2F83A2-20A2-4F65-B4FB-E2B3668F2C27}"
EndProject
Project("{2150E333-8FDC-42A3-9474-1A3956D46DE8}") = "NotificationService", "NotificationService", "{9F2F0F31-C0A1-4564-B48B-253E2DDBCCFA}"
EndProject
Project("{2150E333-8FDC-42A3-9474-1A3956D46DE8}") = "ReportService", "ReportService", "{C8F6BF9B-C8C5-4A64-B5DE-D1766656D789}"
EndProject
Project("{9A19103F-16F7-4668-BE54-9A1E7A4F7556}") = "CustomerService", "CustomerService\CustomerService.csproj", "{37F36247-7DA5-430C-B131-A43A016DF682}"
EndProject
Project("{9A19103F-16F7-4668-BE54-9A1E7A4F7556}") = "NotificationService", "NotificationService\NotificationService.csproj", "{B792BC77-6913-4583-A806-3DF17B5EBB3D}"
EndProject
Project("{9A19103F-16F7-4668-BE54-9A1E7A4F7556}") = "ReportService", "ReportService\ReportService.csproj", "{87C04303-379E-4FE3-AA46-FDE646B40C54}"
EndProject
Project("{9A19103F-16F7-4668-BE54-9A1E7A4F7556}") = "UserService", "UserService\UserService.csproj", "{051819EE-73D1-4614-8AE2-5B0C1A359723}"
EndProject
Project("{9A19103F-16F7-4668-BE54-9A1E7A4F7556}") = "TransportLogistics.Domain", "TransportLogistics.Domain\TransportLogistics.Domain.csproj", "{793A66A4-AF04-4657-BE94-3BC65677045C}"
EndProject
Project("{9A19103F-16F7-4668-BE54-9A1E7A4F7556}") = "CustomerService.BusinessLogic", "CustomerService.BusinessLogic\CustomerService.BusinessLogic.csproj", "{8CAB7ED7-A60E-48F1-9D81-98ABB0CC2F4F}"
EndProject
Project("{9A19103F-16F7-4668-BE54-9A1E7A4F7556}") = "CustomerService.DataAccess", "CustomerService.DataAccess\CustomerService.DataAccess.csproj", "{6CEE7D00-7F9D-4FB6-89ED-204502690FCB}"
EndProject
Project("{9A19103F-16F7-4668-BE54-9A1E7A4F7556}") = "NotificationService.BusinessLogic", "NotificationService.BusinessLogic\NotificationService.BusinessLogic.csproj", "{249529E2-485E-4016-A05D-DBF544DD48AE}"
EndProject
Project("{9A19103F-16F7-4668-BE54-9A1E7A4F7556}") = "NotificationService.DataAccess", "NotificationService.DataAccess\NotificationService.DataAccess.csproj", "{67E79132-01D3-4C25-91EC-9811219B76B8}"
EndProject
Project("{9A19103F-16F7-4668-BE54-9A1E7A4F7556}") = "ReportService.BusinessLogic", "ReportService.BusinessLogic\ReportService.BusinessLogic.csproj", "{C8677071-964F-488A-9163-16FD90A96728}"
EndProject
Project("{9A19103F-16F7-4668-BE54-9A1E7A4F7556}") = "ReportService.DataAccess", "ReportService.DataAccess\ReportService.DataAccess.csproj", "{6F519FC0-8F12-4369-AB44-7723D55AB492}"
EndProject
Project("{9A19103F-16F7-4668-BE54-9A1E7A4F7556}") = "UserService.BusinessLogic", "UserService.BusinessLogic\UserService.BusinessLogic.csproj", "{8B3B1545-FDD9-48A0-86C7-F2562BB32E8C}"
EndProject
Project("{9A19103F-16F7-4668-BE54-9A1E7A4F7556}") = "UserService.DataAccess", "UserService.DataAccess\UserService.DataAccess.csproj", "{B8651EE2-C664-4861-BF11-7B45FA361A83}"
EndProject
Project("{2150E333-8FDC-42A3-9474-1A3956D46DE8}") = "OrderService", "OrderService", "{0A3F7789-B527-46BE-AB79-4D85230A55A5}"
EndProject
Project("{FAE04EC0-301F-11D3-BF4B-00C04F79EFBC}") = "OrderService.BusinessLogic", "OrderService.BusinessLogic\OrderService.BusinessLogic.csproj", "{B5D963D4-C99B-4AD9-9E7F-B76393AD5C64}"
EndProject
Project("{FAE04EC0-301F-11D3-BF4B-00C04F79EFBC}") = "OrderService.DataAccess", "OrderService.DataAccess\OrderService.DataAccess.csproj", "{4084F5CD-91EE-4B54-B866-1B2FDA7E1A30}"
EndProject
Project("{FAE04EC0-301F-11D3-BF4B-00C04F79EFBC}") = "OrderService", "OrderService\OrderService.csproj", "{BE397E47-17FC-4AFA-8604-1E7EAA64A9B7}"
EndProject
Global
	GlobalSection(SolutionConfigurationPlatforms) = preSolution
		Debug|Any CPU = Debug|Any CPU
		Release|Any CPU = Release|Any CPU
	EndGlobalSection
	GlobalSection(ProjectConfigurationPlatforms) = postSolution
		{1EE23B7C-9EAD-4D83-A6FB-9F9ABAFB0366}.Debug|Any CPU.ActiveCfg = Debug|Any CPU
		{1EE23B7C-9EAD-4D83-A6FB-9F9ABAFB0366}.Debug|Any CPU.Build.0 = Debug|Any CPU
		{1EE23B7C-9EAD-4D83-A6FB-9F9ABAFB0366}.Release|Any CPU.ActiveCfg = Release|Any CPU
		{1EE23B7C-9EAD-4D83-A6FB-9F9ABAFB0366}.Release|Any CPU.Build.0 = Release|Any CPU
		{37F36247-7DA5-430C-B131-A43A016DF682}.Debug|Any CPU.ActiveCfg = Debug|Any CPU
		{37F36247-7DA5-430C-B131-A43A016DF682}.Debug|Any CPU.Build.0 = Debug|Any CPU
		{37F36247-7DA5-430C-B131-A43A016DF682}.Release|Any CPU.ActiveCfg = Release|Any CPU
		{37F36247-7DA5-430C-B131-A43A016DF682}.Release|Any CPU.Build.0 = Release|Any CPU
		{B792BC77-6913-4583-A806-3DF17B5EBB3D}.Debug|Any CPU.ActiveCfg = Debug|Any CPU
		{B792BC77-6913-4583-A806-3DF17B5EBB3D}.Debug|Any CPU.Build.0 = Debug|Any CPU
		{B792BC77-6913-4583-A806-3DF17B5EBB3D}.Release|Any CPU.ActiveCfg = Release|Any CPU
		{B792BC77-6913-4583-A806-3DF17B5EBB3D}.Release|Any CPU.Build.0 = Release|Any CPU
		{87C04303-379E-4FE3-AA46-FDE646B40C54}.Debug|Any CPU.ActiveCfg = Debug|Any CPU
		{87C04303-379E-4FE3-AA46-FDE646B40C54}.Debug|Any CPU.Build.0 = Debug|Any CPU
		{87C04303-379E-4FE3-AA46-FDE646B40C54}.Release|Any CPU.ActiveCfg = Release|Any CPU
		{87C04303-379E-4FE3-AA46-FDE646B40C54}.Release|Any CPU.Build.0 = Release|Any CPU
		{051819EE-73D1-4614-8AE2-5B0C1A359723}.Debug|Any CPU.ActiveCfg = Debug|Any CPU
		{051819EE-73D1-4614-8AE2-5B0C1A359723}.Debug|Any CPU.Build.0 = Debug|Any CPU
		{051819EE-73D1-4614-8AE2-5B0C1A359723}.Release|Any CPU.ActiveCfg = Release|Any CPU
		{051819EE-73D1-4614-8AE2-5B0C1A359723}.Release|Any CPU.Build.0 = Release|Any CPU
		{793A66A4-AF04-4657-BE94-3BC65677045C}.Debug|Any CPU.ActiveCfg = Debug|Any CPU
		{793A66A4-AF04-4657-BE94-3BC65677045C}.Debug|Any CPU.Build.0 = Debug|Any CPU
		{793A66A4-AF04-4657-BE94-3BC65677045C}.Release|Any CPU.ActiveCfg = Release|Any CPU
		{793A66A4-AF04-4657-BE94-3BC65677045C}.Release|Any CPU.Build.0 = Release|Any CPU
		{8CAB7ED7-A60E-48F1-9D81-98ABB0CC2F4F}.Debug|Any CPU.ActiveCfg = Debug|Any CPU
		{8CAB7ED7-A60E-48F1-9D81-98ABB0CC2F4F}.Debug|Any CPU.Build.0 = Debug|Any CPU
		{8CAB7ED7-A60E-48F1-9D81-98ABB0CC2F4F}.Release|Any CPU.ActiveCfg = Release|Any CPU
		{8CAB7ED7-A60E-48F1-9D81-98ABB0CC2F4F}.Release|Any CPU.Build.0 = Release|Any CPU
		{6CEE7D00-7F9D-4FB6-89ED-204502690FCB}.Debug|Any CPU.ActiveCfg = Debug|Any CPU
		{6CEE7D00-7F9D-4FB6-89ED-204502690FCB}.Debug|Any CPU.Build.0 = Debug|Any CPU
		{6CEE7D00-7F9D-4FB6-89ED-204502690FCB}.Release|Any CPU.ActiveCfg = Release|Any CPU
		{6CEE7D00-7F9D-4FB6-89ED-204502690FCB}.Release|Any CPU.Build.0 = Release|Any CPU
		{249529E2-485E-4016-A05D-DBF544DD48AE}.Debug|Any CPU.ActiveCfg = Debug|Any CPU
		{249529E2-485E-4016-A05D-DBF544DD48AE}.Debug|Any CPU.Build.0 = Debug|Any CPU
		{249529E2-485E-4016-A05D-DBF544DD48AE}.Release|Any CPU.ActiveCfg = Release|Any CPU
		{249529E2-485E-4016-A05D-DBF544DD48AE}.Release|Any CPU.Build.0 = Release|Any CPU
		{67E79132-01D3-4C25-91EC-9811219B76B8}.Debug|Any CPU.ActiveCfg = Debug|Any CPU
		{67E79132-01D3-4C25-91EC-9811219B76B8}.Debug|Any CPU.Build.0 = Debug|Any CPU
		{67E79132-01D3-4C25-91EC-9811219B76B8}.Release|Any CPU.ActiveCfg = Release|Any CPU
		{67E79132-01D3-4C25-91EC-9811219B76B8}.Release|Any CPU.Build.0 = Release|Any CPU
		{C8677071-964F-488A-9163-16FD90A96728}.Debug|Any CPU.ActiveCfg = Debug|Any CPU
		{C8677071-964F-488A-9163-16FD90A96728}.Debug|Any CPU.Build.0 = Debug|Any CPU
		{C8677071-964F-488A-9163-16FD90A96728}.Release|Any CPU.ActiveCfg = Release|Any CPU
		{C8677071-964F-488A-9163-16FD90A96728}.Release|Any CPU.Build.0 = Release|Any CPU
		{6F519FC0-8F12-4369-AB44-7723D55AB492}.Debug|Any CPU.ActiveCfg = Debug|Any CPU
		{6F519FC0-8F12-4369-AB44-7723D55AB492}.Debug|Any CPU.Build.0 = Debug|Any CPU
		{6F519FC0-8F12-4369-AB44-7723D55AB492}.Release|Any CPU.ActiveCfg = Release|Any CPU
		{6F519FC0-8F12-4369-AB44-7723D55AB492}.Release|Any CPU.Build.0 = Release|Any CPU
		{8B3B1545-FDD9-48A0-86C7-F2562BB32E8C}.Debug|Any CPU.ActiveCfg = Debug|Any CPU
		{8B3B1545-FDD9-48A0-86C7-F2562BB32E8C}.Debug|Any CPU.Build.0 = Debug|Any CPU
		{8B3B1545-FDD9-48A0-86C7-F2562BB32E8C}.Release|Any CPU.ActiveCfg = Release|Any CPU
		{8B3B1545-FDD9-48A0-86C7-F2562BB32E8C}.Release|Any CPU.Build.0 = Release|Any CPU
		{B8651EE2-C664-4861-BF11-7B45FA361A83}.Debug|Any CPU.ActiveCfg = Debug|Any CPU
		{B8651EE2-C664-4861-BF11-7B45FA361A83}.Debug|Any CPU.Build.0 = Debug|Any CPU
		{B8651EE2-C664-4861-BF11-7B45FA361A83}.Release|Any CPU.ActiveCfg = Release|Any CPU
		{B8651EE2-C664-4861-BF11-7B45FA361A83}.Release|Any CPU.Build.0 = Release|Any CPU
		{B5D963D4-C99B-4AD9-9E7F-B76393AD5C64}.Debug|Any CPU.ActiveCfg = Debug|Any CPU
		{B5D963D4-C99B-4AD9-9E7F-B76393AD5C64}.Debug|Any CPU.Build.0 = Debug|Any CPU
		{B5D963D4-C99B-4AD9-9E7F-B76393AD5C64}.Release|Any CPU.ActiveCfg = Release|Any CPU
		{B5D963D4-C99B-4AD9-9E7F-B76393AD5C64}.Release|Any CPU.Build.0 = Release|Any CPU
		{4084F5CD-91EE-4B54-B866-1B2FDA7E1A30}.Debug|Any CPU.ActiveCfg = Debug|Any CPU
		{4084F5CD-91EE-4B54-B866-1B2FDA7E1A30}.Debug|Any CPU.Build.0 = Debug|Any CPU
		{4084F5CD-91EE-4B54-B866-1B2FDA7E1A30}.Release|Any CPU.ActiveCfg = Release|Any CPU
		{4084F5CD-91EE-4B54-B866-1B2FDA7E1A30}.Release|Any CPU.Build.0 = Release|Any CPU
		{BE397E47-17FC-4AFA-8604-1E7EAA64A9B7}.Debug|Any CPU.ActiveCfg = Debug|Any CPU
		{BE397E47-17FC-4AFA-8604-1E7EAA64A9B7}.Debug|Any CPU.Build.0 = Debug|Any CPU
		{BE397E47-17FC-4AFA-8604-1E7EAA64A9B7}.Release|Any CPU.ActiveCfg = Release|Any CPU
		{BE397E47-17FC-4AFA-8604-1E7EAA64A9B7}.Release|Any CPU.Build.0 = Release|Any CPU
	EndGlobalSection
	GlobalSection(SolutionProperties) = preSolution
		HideSolutionNode = FALSE
	EndGlobalSection
	GlobalSection(NestedProjects) = preSolution
		{627BE58C-8953-4C39-AE09-34FF6A0E6F2F} = {62D898CA-0916-4928-9BFE-763B3E7DACAA}
		{1D2F83A2-20A2-4F65-B4FB-E2B3668F2C27} = {62D898CA-0916-4928-9BFE-763B3E7DACAA}
		{9F2F0F31-C0A1-4564-B48B-253E2DDBCCFA} = {62D898CA-0916-4928-9BFE-763B3E7DACAA}
		{C8F6BF9B-C8C5-4A64-B5DE-D1766656D789} = {62D898CA-0916-4928-9BFE-763B3E7DACAA}
		{37F36247-7DA5-430C-B131-A43A016DF682} = {627BE58C-8953-4C39-AE09-34FF6A0E6F2F}
		{B792BC77-6913-4583-A806-3DF17B5EBB3D} = {9F2F0F31-C0A1-4564-B48B-253E2DDBCCFA}
		{87C04303-379E-4FE3-AA46-FDE646B40C54} = {C8F6BF9B-C8C5-4A64-B5DE-D1766656D789}
		{051819EE-73D1-4614-8AE2-5B0C1A359723} = {1D2F83A2-20A2-4F65-B4FB-E2B3668F2C27}
		{8CAB7ED7-A60E-48F1-9D81-98ABB0CC2F4F} = {627BE58C-8953-4C39-AE09-34FF6A0E6F2F}
		{6CEE7D00-7F9D-4FB6-89ED-204502690FCB} = {627BE58C-8953-4C39-AE09-34FF6A0E6F2F}
		{249529E2-485E-4016-A05D-DBF544DD48AE} = {9F2F0F31-C0A1-4564-B48B-253E2DDBCCFA}
		{67E79132-01D3-4C25-91EC-9811219B76B8} = {9F2F0F31-C0A1-4564-B48B-253E2DDBCCFA}
		{C8677071-964F-488A-9163-16FD90A96728} = {C8F6BF9B-C8C5-4A64-B5DE-D1766656D789}
		{6F519FC0-8F12-4369-AB44-7723D55AB492} = {C8F6BF9B-C8C5-4A64-B5DE-D1766656D789}
		{8B3B1545-FDD9-48A0-86C7-F2562BB32E8C} = {1D2F83A2-20A2-4F65-B4FB-E2B3668F2C27}
		{B8651EE2-C664-4861-BF11-7B45FA361A83} = {1D2F83A2-20A2-4F65-B4FB-E2B3668F2C27}
		{0A3F7789-B527-46BE-AB79-4D85230A55A5} = {62D898CA-0916-4928-9BFE-763B3E7DACAA}
		{B5D963D4-C99B-4AD9-9E7F-B76393AD5C64} = {0A3F7789-B527-46BE-AB79-4D85230A55A5}
		{4084F5CD-91EE-4B54-B866-1B2FDA7E1A30} = {0A3F7789-B527-46BE-AB79-4D85230A55A5}
		{BE397E47-17FC-4AFA-8604-1E7EAA64A9B7} = {0A3F7789-B527-46BE-AB79-4D85230A55A5}
	EndGlobalSection
	GlobalSection(ExtensibilityGlobals) = postSolution
		SolutionGuid = {F7BCA981-A7C5-40F4-ADBB-1004184ECB6B}
	EndGlobalSection
EndGlobal
